%{"dotenv": {:hex, :dotenv, "0.0.4"},
  "ex_doc": {:hex, :ex_doc, "0.11.3"},
  "hackney": {:hex, :hackney, "1.0.6"},
  "httpoison": {:hex, :httpoison, "0.6.2"},
  "httpotion": {:hex, :httpotion, "2.1.0"},
  "ibrowse": {:git, "https://github.com/cmullaparthi/ibrowse.git", "a1be5369c94920e3fbb8729ac81125524acb56a6", [tag: "v4.2.2"]},
  "idna": {:hex, :idna, "1.0.2"},
  "inch_ex": {:hex, :inch_ex, "0.4.0"},
  "inflex": {:hex, :inflex, "1.5.0"},
  "meck": {:hex, :meck, "0.8.4"},
  "mock": {:hex, :mock, "0.1.1"},
  "poison": {:hex, :poison, "1.5.2"},
  "quinn": {:hex, :quinn, "0.0.3"},
  "ssl_verify_hostname": {:hex, :ssl_verify_hostname, "1.0.1"}}
